
Microsoft Visual Studio Solution File, Format Version 12.00
# Visual Studio Version 17
VisualStudioVersion = 17.3.32922.545
MinimumVisualStudioVersion = 10.0.40219.1
Project("{FAE04EC0-301F-11D3-BF4B-00C04F79EFBC}") = "Project_pojisteni", "Project_pojisteni\Project_pojisteni.csproj", "{0C1F8929-3107-4834-B322-B57F56D2BEDA}"
EndProject
Global
	GlobalSection(SolutionConfigurationPlatforms) = preSolution
		Debug|Any CPU = Debug|Any CPU
		Release|Any CPU = Release|Any CPU
	EndGlobalSection
	GlobalSection(ProjectConfigurationPlatforms) = postSolution
		{0C1F8929-3107-4834-B322-B57F56D2BEDA}.Debug|Any CPU.ActiveCfg = Debug|Any CPU
		{0C1F8929-3107-4834-B322-B57F56D2BEDA}.Debug|Any CPU.Build.0 = Debug|Any CPU
		{0C1F8929-3107-4834-B322-B57F56D2BEDA}.Release|Any CPU.ActiveCfg = Release|Any CPU
		{0C1F8929-3107-4834-B322-B57F56D2BEDA}.Release|Any CPU.Build.0 = Release|Any CPU
	EndGlobalSection
	GlobalSection(SolutionProperties) = preSolution
		HideSolutionNode = FALSE
	EndGlobalSection
	GlobalSection(ExtensibilityGlobals) = postSolution
		SolutionGuid = {203DB971-14EC-45AE-BC59-B3FF33332AC8}
	EndGlobalSection
EndGlobal
